
Microsoft Visual Studio Solution File, Format Version 12.00
# Visual Studio Version 17
VisualStudioVersion = 17.2.32602.215
MinimumVisualStudioVersion = 10.0.40219.1
Project("{9A19103F-16F7-4668-BE54-9A1E7A4F7556}") = "AAITPayment", "AAITPayment\AAITPayment.csproj", "{EDB0AC07-8F84-475C-B492-479A89C68CBC}"
EndProject
Project("{9A19103F-16F7-4668-BE54-9A1E7A4F7556}") = "AlManalChickens", "AlManalChickens\AlManalChickens.csproj", "{3E8D9E11-C0EC-4552-8A4C-0925371E0E3A}"
EndProject
Project("{9A19103F-16F7-4668-BE54-9A1E7A4F7556}") = "AlManalChickens.Domain", "AlManalChickens.Domain\AlManalChickens.Domain.csproj", "{3E9ECD9C-ABA5-4C2A-BE2A-6C964C737D74}"
EndProject
Project("{9A19103F-16F7-4668-BE54-9A1E7A4F7556}") = "AlManalChickens.Infrastructure", "AlManalChickens.Infrastructure\AlManalChickens.Infrastructure.csproj", "{1D1114A2-B63A-4551-9D73-03E3221EF7CD}"
EndProject
Project("{9A19103F-16F7-4668-BE54-9A1E7A4F7556}") = "AlManalChickens.Persistence", "AlManalChickens.Persistence\AlManalChickens.Persistence.csproj", "{49B25C78-F792-4551-A9AA-59318D1BB374}"
EndProject
Project("{9A19103F-16F7-4668-BE54-9A1E7A4F7556}") = "AlManalChickens.Services", "AlManalChickens.Service\AlManalChickens.Services.csproj", "{141AE9DB-25E9-4B47-AE1A-336669AF1FB3}"
EndProject
Global
	GlobalSection(SolutionConfigurationPlatforms) = preSolution
		Debug|Any CPU = Debug|Any CPU
		Release|Any CPU = Release|Any CPU
	EndGlobalSection
	GlobalSection(ProjectConfigurationPlatforms) = postSolution
		{EDB0AC07-8F84-475C-B492-479A89C68CBC}.Debug|Any CPU.ActiveCfg = Debug|Any CPU
		{EDB0AC07-8F84-475C-B492-479A89C68CBC}.Debug|Any CPU.Build.0 = Debug|Any CPU
		{EDB0AC07-8F84-475C-B492-479A89C68CBC}.Release|Any CPU.ActiveCfg = Release|Any CPU
		{EDB0AC07-8F84-475C-B492-479A89C68CBC}.Release|Any CPU.Build.0 = Release|Any CPU
		{3E8D9E11-C0EC-4552-8A4C-0925371E0E3A}.Debug|Any CPU.ActiveCfg = Debug|Any CPU
		{3E8D9E11-C0EC-4552-8A4C-0925371E0E3A}.Debug|Any CPU.Build.0 = Debug|Any CPU
		{3E8D9E11-C0EC-4552-8A4C-0925371E0E3A}.Release|Any CPU.ActiveCfg = Release|Any CPU
		{3E8D9E11-C0EC-4552-8A4C-0925371E0E3A}.Release|Any CPU.Build.0 = Release|Any CPU
		{3E9ECD9C-ABA5-4C2A-BE2A-6C964C737D74}.Debug|Any CPU.ActiveCfg = Debug|Any CPU
		{3E9ECD9C-ABA5-4C2A-BE2A-6C964C737D74}.Debug|Any CPU.Build.0 = Debug|Any CPU
		{3E9ECD9C-ABA5-4C2A-BE2A-6C964C737D74}.Release|Any CPU.ActiveCfg = Release|Any CPU
		{3E9ECD9C-ABA5-4C2A-BE2A-6C964C737D74}.Release|Any CPU.Build.0 = Release|Any CPU
		{1D1114A2-B63A-4551-9D73-03E3221EF7CD}.Debug|Any CPU.ActiveCfg = Debug|Any CPU
		{1D1114A2-B63A-4551-9D73-03E3221EF7CD}.Debug|Any CPU.Build.0 = Debug|Any CPU
		{1D1114A2-B63A-4551-9D73-03E3221EF7CD}.Release|Any CPU.ActiveCfg = Release|Any CPU
		{1D1114A2-B63A-4551-9D73-03E3221EF7CD}.Release|Any CPU.Build.0 = Release|Any CPU
		{49B25C78-F792-4551-A9AA-59318D1BB374}.Debug|Any CPU.ActiveCfg = Debug|Any CPU
		{49B25C78-F792-4551-A9AA-59318D1BB374}.Debug|Any CPU.Build.0 = Debug|Any CPU
		{49B25C78-F792-4551-A9AA-59318D1BB374}.Release|Any CPU.ActiveCfg = Release|Any CPU
		{49B25C78-F792-4551-A9AA-59318D1BB374}.Release|Any CPU.Build.0 = Release|Any CPU
		{141AE9DB-25E9-4B47-AE1A-336669AF1FB3}.Debug|Any CPU.ActiveCfg = Debug|Any CPU
		{141AE9DB-25E9-4B47-AE1A-336669AF1FB3}.Debug|Any CPU.Build.0 = Debug|Any CPU
		{141AE9DB-25E9-4B47-AE1A-336669AF1FB3}.Release|Any CPU.ActiveCfg = Release|Any CPU
		{141AE9DB-25E9-4B47-AE1A-336669AF1FB3}.Release|Any CPU.Build.0 = Release|Any CPU
	EndGlobalSection
	GlobalSection(SolutionProperties) = preSolution
		HideSolutionNode = FALSE
	EndGlobalSection
	GlobalSection(ExtensibilityGlobals) = postSolution
		SolutionGuid = {C52DD3DF-DF60-4491-BB2A-FA2656F6A39A}
	EndGlobalSection
EndGlobal
